
Microsoft Visual Studio Solution File, Format Version 12.00
# Visual Studio Version 17
VisualStudioVersion = 17.14.36408.4 d17.14
MinimumVisualStudioVersion = 10.0.40219.1
Project("{FAE04EC0-301F-11D3-BF4B-00C04F79EFBC}") = "GameStoreAPI", "GameStoreAPI.csproj", "{37B951A6-E91E-47D0-BC0B-929446C32A17}"
EndProject
Global
	GlobalSection(SolutionConfigurationPlatforms) = preSolution
		Debug|Any CPU = Debug|Any CPU
		Release|Any CPU = Release|Any CPU
	EndGlobalSection
	GlobalSection(ProjectConfigurationPlatforms) = postSolution
		{37B951A6-E91E-47D0-BC0B-929446C32A17}.Debug|Any CPU.ActiveCfg = Debug|Any CPU
		{37B951A6-E91E-47D0-BC0B-929446C32A17}.Debug|Any CPU.Build.0 = Debug|Any CPU
		{37B951A6-E91E-47D0-BC0B-929446C32A17}.Release|Any CPU.ActiveCfg = Release|Any CPU
		{37B951A6-E91E-47D0-BC0B-929446C32A17}.Release|Any CPU.Build.0 = Release|Any CPU
	EndGlobalSection
	GlobalSection(SolutionProperties) = preSolution
		HideSolutionNode = FALSE
	EndGlobalSection
	GlobalSection(ExtensibilityGlobals) = postSolution
		SolutionGuid = {12409FA0-BC6A-4267-9443-F675B53C373E}
	EndGlobalSection
EndGlobal
